
Microsoft Visual Studio Solution File, Format Version 12.00
# Visual Studio Version 17
VisualStudioVersion = 17.0.32014.148
MinimumVisualStudioVersion = 10.0.40219.1
Project("{FAE04EC0-301F-11D3-BF4B-00C04F79EFBC}") = "xadrez_console", "xadres_console\xadrez_console.csproj", "{98D43A13-FD8C-466C-B442-8E678A380684}"
EndProject
Global
	GlobalSection(SolutionConfigurationPlatforms) = preSolution
		Debug|Any CPU = Debug|Any CPU
		Release|Any CPU = Release|Any CPU
	EndGlobalSection
	GlobalSection(ProjectConfigurationPlatforms) = postSolution
		{98D43A13-FD8C-466C-B442-8E678A380684}.Debug|Any CPU.ActiveCfg = Debug|Any CPU
		{98D43A13-FD8C-466C-B442-8E678A380684}.Debug|Any CPU.Build.0 = Debug|Any CPU
		{98D43A13-FD8C-466C-B442-8E678A380684}.Release|Any CPU.ActiveCfg = Release|Any CPU
		{98D43A13-FD8C-466C-B442-8E678A380684}.Release|Any CPU.Build.0 = Release|Any CPU
	EndGlobalSection
	GlobalSection(SolutionProperties) = preSolution
		HideSolutionNode = FALSE
	EndGlobalSection
	GlobalSection(ExtensibilityGlobals) = postSolution
		SolutionGuid = {1E529222-23FD-4CB5-9D95-62F14DE89191}
	EndGlobalSection
EndGlobal
